
Microsoft Visual Studio Solution File, Format Version 12.00
# Visual Studio Version 17
VisualStudioVersion = 17.6.33712.159
MinimumVisualStudioVersion = 10.0.40219.1
Project("{FAE04EC0-301F-11D3-BF4B-00C04F79EFBC}") = "Pokemon Review App", "Pokemon Review App\Pokemon Review App.csproj", "{252EAEAB-30FF-4AAD-ABF7-A887074DA9CE}"
EndProject
Global
	GlobalSection(SolutionConfigurationPlatforms) = preSolution
		Debug|Any CPU = Debug|Any CPU
		Release|Any CPU = Release|Any CPU
	EndGlobalSection
	GlobalSection(ProjectConfigurationPlatforms) = postSolution
		{252EAEAB-30FF-4AAD-ABF7-A887074DA9CE}.Debug|Any CPU.ActiveCfg = Debug|Any CPU
		{252EAEAB-30FF-4AAD-ABF7-A887074DA9CE}.Debug|Any CPU.Build.0 = Debug|Any CPU
		{252EAEAB-30FF-4AAD-ABF7-A887074DA9CE}.Release|Any CPU.ActiveCfg = Release|Any CPU
		{252EAEAB-30FF-4AAD-ABF7-A887074DA9CE}.Release|Any CPU.Build.0 = Release|Any CPU
	EndGlobalSection
	GlobalSection(SolutionProperties) = preSolution
		HideSolutionNode = FALSE
	EndGlobalSection
	GlobalSection(ExtensibilityGlobals) = postSolution
		SolutionGuid = {141FF292-66DD-4007-833F-43E7E262A107}
	EndGlobalSection
EndGlobal
